{"SurveyEntry":{"SurveyID":"SV_3dWzTI3KsKfrh5Q","SurveyName":"ES survey - Batch 6","SurveyDescription":null,"SurveyOwnerID":"UR_3WSvi7NGVzONHQV","SurveyBrandID":"utorontopsych","DivisionID":"DV_aYk9FeskJLt8LY2","SurveyLanguage":"EN","SurveyActiveResponseSet":"RS_0wklpxJ5DPfhNNs","SurveyStatus":"Inactive","SurveyStartDate":"0000-00-00 00:00:00","SurveyExpirationDate":"0000-00-00 00:00:00","SurveyCreationDate":"2021-06-05 18:48:20","CreatorID":"UR_3WSvi7NGVzONHQV","LastModified":"2023-04-03 16:44:48","LastAccessed":"0000-00-00 00:00:00","LastActivated":"2021-06-05 18:51:01","Deleted":null},"SurveyElements":[{"SurveyID":"SV_3dWzTI3KsKfrh5Q","Element":"BL","PrimaryAttribute":"Survey Blocks","SecondaryAttribute":null,"TertiaryAttribute":null,"Payload":{"1":{"Type":"Trash","Description":"Trash \/ Unused Questions","ID":"BL_0V7eM7TKwvxsoT4","BlockElements":[{"Type":"Question","QuestionID":"QID9"},{"Type":"Question","QuestionID":"QID20"},{"Type":"Question","QuestionID":"QID24"},{"Type":"Question","QuestionID":"QID21"},{"Type":"Question","QuestionID":"QID1"}]},"2":{"Type":"Standard","SubType":"","Description":"Well-being","ID":"BL_3F8vUIL5rZvjVK6","BlockElements":[{"Type":"Question","QuestionID":"QID2"},{"Type":"Question","QuestionID":"QID3","SkipLogic":[{"SkipLogicID":3,"ChoiceLocator":"q:\/\/QID3\/SelectableChoice\/2","Condition":"Selected","SkipToDestination":"QID10","Locator":"q:\/\/QID3\/SelectableChoice\/2","SkipToDescription":"Have you interacted with an... <strong>No<\/strong>  <strong>Is Selected<\/strong>","Description":"Condition: <strong title=\"No\">No<\/strong> <strong>Is Selected<\/strong>. Skip To: <strong>How much do you agree with the follow...<\/strong>.","QuestionID":"QID3"}]},{"Type":"Question","QuestionID":"QID4"},{"Type":"Question","QuestionID":"QID5"},{"Type":"Question","QuestionID":"QID10"},{"Type":"Question","QuestionID":"QID11"}]},"3":{"Type":"Standard","SubType":"","Description":"Twitter Use","ID":"BL_eb8KuSUYNBoRxkO","BlockElements":[{"Type":"Question","QuestionID":"QID6","SkipLogic":[{"SkipLogicID":1,"ChoiceLocator":"q:\/\/QID6\/SelectableChoice\/1","Condition":"Selected","SkipToDestination":"QID7","Locator":"q:\/\/QID6\/SelectableChoice\/1","SkipToDescription":"Have you used Twitter in th... <strong>Yes<\/strong>  <strong>Is Selected<\/strong>","Description":"Condition: <strong title=\"Yes\">Yes<\/strong> <strong>Is Selected<\/strong>. Skip To: <strong>Why did you use Twitter? Multiple ans...<\/strong>.","QuestionID":"QID6"},{"SkipLogicID":2,"ChoiceLocator":"q:\/\/QID6\/SelectableChoice\/2","Condition":"Selected","SkipToDestination":"ENDOFBLOCK","Locator":"q:\/\/QID6\/SelectableChoice\/2","SkipToDescription":"Have you used Twitter in th... <strong>No<\/strong>  <strong>Is Selected<\/strong>","Description":"Condition: <strong title=\"No\">No<\/strong> <strong>Is Selected<\/strong>. Skip To: <strong>End of Block<\/strong>.","QuestionID":"QID6"}]},{"Type":"Question","QuestionID":"QID7"},{"Type":"Question","QuestionID":"QID8"},{"Type":"Question","QuestionID":"QID23"}],"Options":{"BlockLocking":"false","RandomizeQuestions":"false","BlockVisibility":"Expanded"}},"4":{"Type":"Standard","SubType":"","Description":"Polarization","ID":"BL_0v8MksQzr6fWcdg","BlockElements":[{"Type":"Question","QuestionID":"QID12"},{"Type":"Question","QuestionID":"QID22"}]},"5":{"Type":"Standard","SubType":"","Description":"Block 4","ID":"BL_aY4DhQH4AFjVDh4","BlockElements":[{"Type":"Question","QuestionID":"QID13"},{"Type":"Question","QuestionID":"QID34"}]},"6":{"Type":"Standard","SubType":"","Description":"desire for digital devices","ID":"BL_0eyeSiTEsi8Gd7M","BlockElements":[{"Type":"Question","QuestionID":"QID14","SkipLogic":[{"SkipLogicID":4,"ChoiceLocator":"q:\/\/QID14\/SelectableChoice\/2","Condition":"Selected","SkipToDestination":"QID19","Locator":"q:\/\/QID14\/SelectableChoice\/2","SkipToDescription":"Are you presently, or were ... <strong>No<\/strong>  <strong>Is Selected<\/strong>","Description":"Condition: <strong title=\"No\">No<\/strong> <strong>Is Selected<\/strong>. Skip To: <strong>In the past 30 minutes, have you used...<\/strong>.","QuestionID":"QID14"}]},{"Type":"Question","QuestionID":"QID15"},{"Type":"Question","QuestionID":"QID16"},{"Type":"Question","QuestionID":"QID17","SkipLogic":[{"SkipLogicID":5,"ChoiceLocator":"q:\/\/QID17\/SelectableChoice\/1","Condition":"Selected","SkipToDestination":"QID18","Locator":"q:\/\/QID17\/SelectableChoice\/1","SkipToDescription":"Did you try to resist or co... <strong>Yes<\/strong>  <strong>Is Selected<\/strong>","Description":"Condition: <strong title=\"Yes\">Yes<\/strong> <strong>Is Selected<\/strong>. Skip To: <strong>Were you successful in resisting the ...<\/strong>.","QuestionID":"QID17"},{"SkipLogicID":6,"ChoiceLocator":"q:\/\/QID17\/SelectableChoice\/2","Condition":"Selected","SkipToDestination":"QID19","Locator":"q:\/\/QID17\/SelectableChoice\/2","SkipToDescription":"Did you try to resist or co... <strong>No<\/strong>  <strong>Is Selected<\/strong>","Description":"Condition: <strong title=\"No\">No<\/strong> <strong>Is Selected<\/strong>. Skip To: <strong>In the past 30 minutes, have you used...<\/strong>.","QuestionID":"QID17"}]},{"Type":"Question","QuestionID":"QID18"},{"Type":"Question","QuestionID":"QID19"}]},"7":{"Type":"Standard","SubType":"","Description":"Filler","ID":"BL_6zBeIUNkqpiGLxs","BlockElements":[{"Type":"Question","QuestionID":"QID25"},{"Type":"Question","QuestionID":"QID26"},{"Type":"Question","QuestionID":"QID27"}]},"8":{"Type":"Standard","SubType":"","Description":"Filler 2","ID":"BL_3QmfDutWSO5qzMq","BlockElements":[{"Type":"Question","QuestionID":"QID28"},{"Type":"Question","QuestionID":"QID29"},{"Type":"Question","QuestionID":"QID30"},{"Type":"Question","QuestionID":"QID31"}]},"9":{"Type":"Standard","SubType":"","Description":"Filler 3","ID":"BL_3h3CD8m40KErJTo","BlockElements":[{"Type":"Question","QuestionID":"QID32"},{"Type":"Question","QuestionID":"QID33"}]}}},{"SurveyID":"SV_3dWzTI3KsKfrh5Q","Element":"FL","PrimaryAttribute":"Survey Flow","SecondaryAttribute":null,"TertiaryAttribute":null,"Payload":{"Type":"Root","FlowID":"FL_1","Flow":[{"Type":"Authenticator","FlowID":"FL_9","PanelData":{"LibraryID":"UR_3WSvi7NGVzONHQV","PanelID":"ML_3JiHvf09tIqAjB4","Type":"Expression","LogicType":"Panel"},"FieldData":{"0":{"0":{"PanelField":"RecipientEmail1","fieldLabel":"Email","AutoFill":0,"Type":"Expression","LogicType":"EmbeddedField","Description":"<span class=\"ConjDesc\">If<\/span>  <span class=\"LeftOpDesc\">undefined<\/span> <span class=\"OpDesc\">#<\/span> "},"Type":"If"},"Type":"BooleanExpression"},"FilterDataFields":true,"SSOOptions":{"respondentMap":[],"Type":"Token","token":{"EncryptionMethod":"3DES","MacMethod":"MD5","Leeway":300},"ldap":{"Hostname":"ldap:\/\/","Port":"389","EmailField":"mail","Filter":"(sAMAccountName=%1)","FirstNameField":"givenname","LastNameField":"sn","ExternalDataReferenceField":""},"UsePanel":"Yes","CaptureRespondentInfo":"No","UseSSO":"","cas":[]},"Options":{"maxAttempts":3,"questionText":{"LibraryID":"UR_3WSvi7NGVzONHQV","MessageID":"MS_ehQDsj5aHaR9hSC"},"authenticationError":{"LibraryID":"UR_3WSvi7NGVzONHQV","MessageID":"MS_bJj3KDWMwgt2Hrg"},"failedAuthenticationError":{"LibraryID":"UR_3WSvi7NGVzONHQV","MessageID":"MS_eVidPsibqODulqC"},"allowRetake":true,"loadExistingSession":false,"reauthenticateSession":false},"Flow":[{"Type":"Standard","ID":"BL_eb8KuSUYNBoRxkO","FlowID":"FL_4","Autofill":[]},{"Type":"Branch","FlowID":"FL_11","Description":"New Branch","BranchLogic":{"0":{"0":{"LogicType":"Question","QuestionID":"QID6","QuestionIsInLoop":"no","ChoiceLocator":"q:\/\/QID6\/SelectableChoice\/2","Operator":"Selected","QuestionIDFromLocator":"QID6","LeftOperand":"q:\/\/QID6\/SelectableChoice\/2","Type":"Expression","Description":"<span class=\"ConjDesc\">If<\/span> <span class=\"QuestionDesc\">Have you used Twitter in the past 30 minutes?<\/span> <span class=\"LeftOpDesc\">No<\/span> <span class=\"OpDesc\">Is Selected<\/span> "},"Type":"If"},"Type":"BooleanExpression"},"Flow":[{"Type":"Standard","ID":"BL_6zBeIUNkqpiGLxs","FlowID":"FL_10","Autofill":[]}]},{"Type":"Standard","ID":"BL_0eyeSiTEsi8Gd7M","FlowID":"FL_8","Autofill":[]},{"Type":"Branch","FlowID":"FL_13","Description":"New Branch","BranchLogic":{"0":{"0":{"LogicType":"Question","QuestionID":"QID14","QuestionIsInLoop":"no","ChoiceLocator":"q:\/\/QID14\/SelectableChoice\/2","Operator":"Selected","QuestionIDFromLocator":"QID14","LeftOperand":"q:\/\/QID14\/SelectableChoice\/2","Type":"Expression","Description":"<span class=\"ConjDesc\">If<\/span> <span class=\"QuestionDesc\">Are you presently, or were you in the past 30 minutes, experiencing a desire to use digital devices?<\/span> <span class=\"LeftOpDesc\">No<\/span> <span class=\"OpDesc\">Is Selected<\/span> "},"Type":"If"},"Type":"BooleanExpression"},"Flow":[{"Type":"Standard","ID":"BL_3QmfDutWSO5qzMq","FlowID":"FL_12","Autofill":[]}]},{"Type":"Standard","ID":"BL_3F8vUIL5rZvjVK6","FlowID":"FL_3","Autofill":[]},{"Type":"Branch","FlowID":"FL_15","Description":"New Branch","BranchLogic":{"0":{"0":{"LogicType":"Question","QuestionID":"QID3","QuestionIsInLoop":"no","ChoiceLocator":"q:\/\/QID3\/SelectableChoice\/2","Operator":"Selected","QuestionIDFromLocator":"QID3","LeftOperand":"q:\/\/QID3\/SelectableChoice\/2","Type":"Expression","Description":"<span class=\"ConjDesc\">If<\/span> <span class=\"QuestionDesc\">Have you interacted with anyone in the past 30 minutes?<\/span> <span class=\"LeftOpDesc\">No<\/span> <span class=\"OpDesc\">Is Selected<\/span> "},"Type":"If"},"Type":"BooleanExpression"},"Flow":[{"Type":"Standard","ID":"BL_3h3CD8m40KErJTo","FlowID":"FL_14","Autofill":[]}]},{"Type":"Standard","ID":"BL_0v8MksQzr6fWcdg","FlowID":"FL_5","Autofill":[]},{"Type":"Standard","ID":"BL_aY4DhQH4AFjVDh4","FlowID":"FL_7","Autofill":[]}]}],"Properties":{"Count":15,"RemovedFieldsets":[]}}},{"SurveyID":"SV_3dWzTI3KsKfrh5Q","Element":"PL","PrimaryAttribute":"Preview Link","SecondaryAttribute":null,"TertiaryAttribute":null,"Payload":{"PreviewType":"Brand","PreviewID":"1e701e77-7c9e-4603-8b66-3cda89ba6a86"}},{"SurveyID":"SV_3dWzTI3KsKfrh5Q","Element":"RS","PrimaryAttribute":"RS_0wklpxJ5DPfhNNs","SecondaryAttribute":null,"TertiaryAttribute":null,"Payload":null},{"SurveyID":"SV_3dWzTI3KsKfrh5Q","Element":"SO","PrimaryAttribute":"Survey Options","SecondaryAttribute":null,"TertiaryAttribute":null,"Payload":{"BackButton":"false","SaveAndContinue":"true","SurveyProtection":"PublicSurvey","BallotBoxStuffingPrevention":"false","NoIndex":"Yes","SecureResponseFiles":"true","SurveyExpiration":"None","SurveyTermination":"DefaultMessage","Header":"","Footer":"","ProgressBarDisplay":"None","PartialData":"+1 week","ValidationMessage":null,"PreviousButton":" \u2190 ","NextButton":" \u2192 ","SurveyTitle":"Online Survey Software | Qualtrics Survey Solutions","SkinLibrary":"utorontopsych","SkinType":"MQ","Skin":"utonrontopsych","NewScoring":1,"ProtectSelectionIds":true,"EOSMessage":null,"ShowExportTags":"false","CollectGeoLocation":"false","SurveyMetaDescription":"The most powerful, simple and trusted way to gather experience data. Start your journey to experience management and try a free account today.","PasswordProtection":"No","AnonymizeResponse":"No","RefererCheck":"No","UseCustomSurveyLinkCompletedMessage":null,"SurveyLinkCompletedMessage":null,"SurveyLinkCompletedMessageLibrary":null,"ResponseSummary":"No","EOSMessageLibrary":null,"EOSRedirectURL":null,"EmailThankYou":"false","ThankYouEmailMessageLibrary":null,"ThankYouEmailMessage":null,"ValidateMessage":"false","ValidationMessageLibrary":null,"InactiveSurvey":null,"PartialDeletion":null,"PartialDataCloseAfter":"LastActivity","InactiveMessageLibrary":null,"InactiveMessage":null,"AvailableLanguages":{"EN":[]}}},{"SurveyID":"SV_3dWzTI3KsKfrh5Q","Element":"SCO","PrimaryAttribute":"Scoring","SecondaryAttribute":null,"TertiaryAttribute":null,"Payload":{"ScoringCategories":[],"ScoringCategoryGroups":[],"ScoringSummaryCategory":null,"ScoringSummaryAfterQuestions":0,"ScoringSummaryAfterSurvey":0,"DefaultScoringCategory":null,"AutoScoringCategory":null}},{"SurveyID":"SV_3dWzTI3KsKfrh5Q","Element":"PROJ","PrimaryAttribute":"CORE","SecondaryAttribute":null,"TertiaryAttribute":"1.1.0","Payload":{"ProjectCategory":"CORE","SchemaVersion":"1.1.0"}},{"SurveyID":"SV_3dWzTI3KsKfrh5Q","Element":"STAT","PrimaryAttribute":"Survey Statistics","SecondaryAttribute":null,"TertiaryAttribute":null,"Payload":{"MobileCompatible":true,"ID":"Survey Statistics"}},{"SurveyID":"SV_3dWzTI3KsKfrh5Q","Element":"SQ","PrimaryAttribute":"QID12","SecondaryAttribute":" In the past 30 minutes, how cold (0) to warm (100) have you felt about each political party?","TertiaryAttribute":null,"Payload":{"QuestionText":"&nbsp;In the past 30 minutes, how cold (0) to warm (100) have you felt about each political party?","DefaultChoices":false,"DataExportTag":"Q12","QuestionID":"QID12","QuestionType":"Slider","Selector":"HSLIDER","Configuration":{"QuestionDescriptionOption":"UseText","CSSliderMin":0,"CSSliderMax":100,"GridLines":10,"SnapToGrid":false,"NumDecimals":"0","ShowValue":true,"CustomStart":true,"NotApplicable":false,"MobileFirst":true,"SliderStartPositions":{"1":0.496503496503496510872111002754536457359790802001953125,"2":0.4988344988344988184536532571655698120594024658203125}},"QuestionDescription":" In the past 30 minutes, how cold (0) to warm (100) have you felt about each political party?","Choices":{"1":{"Display":"Democratic Party"},"2":{"Display":"Republican Party"}},"ChoiceOrder":[1,2],"Validation":{"Settings":{"ForceResponse":"RequestResponse","ForceResponseType":"RequestResponse","Type":"None"}},"GradingData":[],"Language":[],"NextChoiceId":3,"NextAnswerId":1,"Labels":[],"DataVisibility":{"Private":false,"Hidden":false}}},{"SurveyID":"SV_3dWzTI3KsKfrh5Q","Element":"QC","PrimaryAttribute":"Survey Question Count","SecondaryAttribute":"34","TertiaryAttribute":null,"Payload":null},{"SurveyID":"SV_3dWzTI3KsKfrh5Q","Element":"SQ","PrimaryAttribute":"QID14","SecondaryAttribute":"Are you presently, or were you in the past 30 minutes, experiencing a desire to use one of your d...","TertiaryAttribute":null,"Payload":{"QuestionText":"Are you presently, or were you in the past 30 minutes, experiencing a desire to use one of your digital devices?","DataExportTag":"Q14","QuestionType":"MC","Selector":"SAVR","SubSelector":"TX","Configuration":{"QuestionDescriptionOption":"UseText"},"QuestionDescription":"Are you presently, or were you in the past 30 minutes, experiencing a desire to use one of your d...","Choices":{"1":{"Display":"Yes"},"2":{"Display":"No"}},"ChoiceOrder":["1","2"],"Validation":{"Settings":{"ForceResponse":"ON","ForceResponseType":"ON","Type":"None"}},"Language":[],"NextChoiceId":4,"NextAnswerId":1,"QuestionID":"QID14","DataVisibility":{"Private":false,"Hidden":false}}},{"SurveyID":"SV_3dWzTI3KsKfrh5Q","Element":"SQ","PrimaryAttribute":"QID9","SecondaryAttribute":"Click to write the question text","TertiaryAttribute":null,"Payload":{"QuestionText":"Click to write the question text","DataExportTag":"Q9","QuestionType":"MC","Selector":"SAVR","SubSelector":"TX","Configuration":{"QuestionDescriptionOption":"UseText"},"QuestionDescription":"Click to write the question text","Choices":{"1":{"Display":"Click to write Choice 1"},"2":{"Display":"Click to write Choice 2"},"3":{"Display":"Click to write Choice 3"}},"ChoiceOrder":["1","2","3"],"Validation":{"Settings":{"ForceResponse":"OFF","ForceResponseType":"ON","Type":"None"}},"Language":[],"NextChoiceId":4,"NextAnswerId":1,"QuestionID":"QID9","DataVisibility":{"Private":false,"Hidden":false}}},{"SurveyID":"SV_3dWzTI3KsKfrh5Q","Element":"SQ","PrimaryAttribute":"QID20","SecondaryAttribute":"Click to write the question text","TertiaryAttribute":null,"Payload":{"QuestionText":"Click to write the question text","DataExportTag":"Q20","QuestionType":"MC","Selector":"SAVR","SubSelector":"TX","Configuration":{"QuestionDescriptionOption":"UseText"},"QuestionDescription":"Click to write the question text","Choices":{"1":{"Display":"Click to write Choice 1"},"2":{"Display":"Click to write Choice 2"},"3":{"Display":"Click to write Choice 3"}},"ChoiceOrder":["1","2","3"],"Validation":{"Settings":{"ForceResponse":"OFF","ForceResponseType":"ON","Type":"None"}},"Language":[],"NextChoiceId":4,"NextAnswerId":1,"QuestionID":"QID20"}},{"SurveyID":"SV_3dWzTI3KsKfrh5Q","Element":"SQ","PrimaryAttribute":"QID24","SecondaryAttribute":"Click to write the question text","TertiaryAttribute":null,"Payload":{"QuestionText":"Click to write the question text","DataExportTag":"Q24","QuestionType":"MC","Selector":"SAVR","SubSelector":"TX","Configuration":{"QuestionDescriptionOption":"UseText"},"QuestionDescription":"Click to write the question text","Choices":{"1":{"Display":"Click to write Choice 1"},"2":{"Display":"Click to write Choice 2"},"3":{"Display":"Click to write Choice 3"}},"ChoiceOrder":["1","2","3"],"Validation":{"Settings":{"ForceResponse":"OFF","Type":"None"}},"Language":[],"NextChoiceId":4,"NextAnswerId":1,"QuestionID":"QID24"}},{"SurveyID":"SV_3dWzTI3KsKfrh5Q","Element":"SQ","PrimaryAttribute":"QID16","SecondaryAttribute":"Did you give in to the desire and use one of your digital devices?","TertiaryAttribute":null,"Payload":{"QuestionText":"Did you give in to the desire and use one of your digital devices?","DataExportTag":"Q16","QuestionType":"MC","Selector":"SAVR","SubSelector":"TX","Configuration":{"QuestionDescriptionOption":"UseText"},"QuestionDescription":"Did you give in to the desire and use one of your digital devices?","Choices":{"1":{"Display":"Yes"},"2":{"Display":"No"}},"ChoiceOrder":["1","2"],"Validation":{"Settings":{"ForceResponse":"RequestResponse","ForceResponseType":"RequestResponse","Type":"None"}},"Language":[],"NextChoiceId":4,"NextAnswerId":1,"QuestionID":"QID16","DataVisibility":{"Private":false,"Hidden":false}}},{"SurveyID":"SV_3dWzTI3KsKfrh5Q","Element":"SQ","PrimaryAttribute":"QID17","SecondaryAttribute":"Did you try to resist or control your desire to use one of your digital devices?","TertiaryAttribute":null,"Payload":{"QuestionText":"Did you try to resist or control your desire to use one of your digital devices?","DataExportTag":"Q17","QuestionType":"MC","Selector":"SAVR","SubSelector":"TX","Configuration":{"QuestionDescriptionOption":"UseText"},"QuestionDescription":"Did you try to resist or control your desire to use one of your digital devices?","Choices":{"1":{"Display":"Yes"},"2":{"Display":"No"}},"ChoiceOrder":["1","2"],"Validation":{"Settings":{"ForceResponse":"RequestResponse","ForceResponseType":"RequestResponse","Type":"None"}},"Language":[],"NextChoiceId":4,"NextAnswerId":1,"QuestionID":"QID17","DataVisibility":{"Private":false,"Hidden":false}}},{"SurveyID":"SV_3dWzTI3KsKfrh5Q","Element":"SQ","PrimaryAttribute":"QID3","SecondaryAttribute":"Have you interacted with anyone in the past 30 minutes?","TertiaryAttribute":null,"Payload":{"QuestionText":"Have you interacted with anyone in the past 30 minutes?","DataExportTag":"Q3","QuestionType":"MC","Selector":"SAVR","SubSelector":"TX","Configuration":{"QuestionDescriptionOption":"UseText"},"QuestionDescription":"Have you interacted with anyone in the past 30 minutes?","Choices":{"1":{"Display":"Yes"},"2":{"Display":"No"}},"ChoiceOrder":[1,2],"Validation":{"Settings":{"ForceResponse":"RequestResponse","ForceResponseType":"RequestResponse","Type":"None"}},"Language":[],"NextChoiceId":3,"NextAnswerId":1,"QuestionID":"QID3","DataVisibility":{"Private":false,"Hidden":false}}},{"SurveyID":"SV_3dWzTI3KsKfrh5Q","Element":"SQ","PrimaryAttribute":"QID6","SecondaryAttribute":"Have you used Twitter in the past 30 minutes?","TertiaryAttribute":null,"Payload":{"QuestionText":"Have you used Twitter in the past 30 minutes?","DataExportTag":"Q6","QuestionType":"MC","Selector":"SAVR","SubSelector":"TX","Configuration":{"QuestionDescriptionOption":"UseText"},"QuestionDescription":"Have you used Twitter in the past 30 minutes?","Choices":{"1":{"Display":"Yes"},"2":{"Display":"No"}},"ChoiceOrder":[1,2],"Validation":{"Settings":{"ForceResponse":"ON","ForceResponseType":"ON","Type":"None"}},"Language":[],"NextChoiceId":3,"NextAnswerId":1,"QuestionID":"QID6","DataVisibility":{"Private":false,"Hidden":false}}},{"SurveyID":"SV_3dWzTI3KsKfrh5Q","Element":"SQ","PrimaryAttribute":"QID26","SecondaryAttribute":"How much do you agree with the following statement? \"In the past 30 minutes, I acted like someone...","TertiaryAttribute":null,"Payload":{"QuestionText":"<div>How much do you agree with the following statement?<\/div><div><br><\/div>\"In the past 30 minutes, I acted like someone who has little sympathy for others.\"","DataExportTag":"Q26","QuestionType":"MC","Selector":"SAVR","SubSelector":"TX","Configuration":{"QuestionDescriptionOption":"UseText"},"QuestionDescription":"How much do you agree with the following statement? \"In the past 30 minutes, I acted like someone...","Choices":{"1":{"Display":"Strongly agree"},"2":{"Display":"Agree"},"3":{"Display":"Neither agree nor disagree"},"4":{"Display":"Disagree"},"5":{"Display":"Strongly disagree"}},"ChoiceOrder":["1","2","3","4","5"],"Validation":{"Settings":{"ForceResponse":"RequestResponse","ForceResponseType":"RequestResponse","Type":"None"}},"Language":[],"NextChoiceId":6,"NextAnswerId":1,"QuestionID":"QID26","DataVisibility":{"Private":false,"Hidden":false}}},{"SurveyID":"SV_3dWzTI3KsKfrh5Q","Element":"SQ","PrimaryAttribute":"QID25","SecondaryAttribute":"How much do you agree with the following statement? \"In the past 30 minutes, I acted respectfully...","TertiaryAttribute":null,"Payload":{"QuestionText":"How much do you agree with the following statement?<div><br><\/div><div>\"In the past 30 minutes, I acted respectfully, treating others with respect.\"<\/div>","DataExportTag":"Q25","QuestionType":"MC","Selector":"SAVR","SubSelector":"TX","Configuration":{"QuestionDescriptionOption":"UseText"},"QuestionDescription":"How much do you agree with the following statement? \"In the past 30 minutes, I acted respectfully...","Choices":{"1":{"Display":"Strongly agree"},"2":{"Display":"Agree"},"3":{"Display":"Neither agree nor disagree"},"4":{"Display":"Disagree"},"5":{"Display":"Strongly disagree"}},"ChoiceOrder":["1","2","3","4","5"],"Validation":{"Settings":{"ForceResponse":"RequestResponse","ForceResponseType":"RequestResponse","Type":"None"}},"Language":[],"NextChoiceId":6,"NextAnswerId":1,"QuestionID":"QID25","DataVisibility":{"Private":false,"Hidden":false}}},{"SurveyID":"SV_3dWzTI3KsKfrh5Q","Element":"SQ","PrimaryAttribute":"QID10","SecondaryAttribute":"How much do you agree with the following statement? \"In the past 30 minutes, I felt like I belong...","TertiaryAttribute":null,"Payload":{"QuestionText":"How much do you agree with the following statement?<div><br><\/div><div>\"In the past 30 minutes, I felt like I belonged to a community of like-minded people.\"<\/div>","DataExportTag":"Q10","QuestionType":"MC","Selector":"SAVR","SubSelector":"TX","Configuration":{"QuestionDescriptionOption":"UseText","Autoscale":{"YScale":{"Name":"agreeDisagree","Type":"likert","Reverse":true}}},"QuestionDescription":"How much do you agree with the following statement? \"In the past 30 minutes, I felt like I belong...","Choices":{"1":{"Display":"Strongly agree"},"2":{"Display":"Agree"},"3":{"Display":"Neither agree nor disagree"},"4":{"Display":"Disagree"},"5":{"Display":"Strongly disagree"}},"ChoiceOrder":[1,2,3,4,5],"Validation":{"Settings":{"ForceResponse":"RequestResponse","ForceResponseType":"RequestResponse","Type":"None"}},"Language":[],"NextChoiceId":6,"NextAnswerId":1,"QuestionID":"QID10","DataVisibility":{"Private":false,"Hidden":false}}},{"SurveyID":"SV_3dWzTI3KsKfrh5Q","Element":"SQ","PrimaryAttribute":"QID11","SecondaryAttribute":"How much do you agree with the following statement? \"In the past 30 minutes, I felt like I was va...","TertiaryAttribute":null,"Payload":{"QuestionText":"How much do you agree with the following statement?<div><br><\/div><div>\"In the past 30 minutes, I felt like I was valued and respected in a community.\"<\/div>","DataExportTag":"Q11","QuestionType":"MC","Selector":"SAVR","SubSelector":"TX","Configuration":{"QuestionDescriptionOption":"UseText","Autoscale":{"YScale":{"Name":"agreeDisagree","Type":"likert","Reverse":true}}},"QuestionDescription":"How much do you agree with the following statement? \"In the past 30 minutes, I felt like I was va...","Choices":{"1":{"Display":"Strongly agree"},"2":{"Display":"Agree"},"3":{"Display":"Neither agree nor disagree"},"4":{"Display":"Disagree"},"5":{"Display":"Strongly disagree"}},"ChoiceOrder":[1,2,3,4,5],"Validation":{"Settings":{"ForceResponse":"RequestResponse","ForceResponseType":"RequestResponse","Type":"None"}},"Language":[],"NextChoiceId":6,"NextAnswerId":1,"QuestionID":"QID11","DataVisibility":{"Private":false,"Hidden":false}}},{"SurveyID":"SV_3dWzTI3KsKfrh5Q","Element":"SQ","PrimaryAttribute":"QID31","SecondaryAttribute":"How much do you agree with the following statement? \"In the past 30 minutes, I felt secure and co...","TertiaryAttribute":null,"Payload":{"QuestionText":"How much do you agree with the following statement?<div><br><\/div><div>\"In the past 30 minutes, I felt secure and comfortable with myself.\"<\/div>","DataExportTag":"Q31","QuestionType":"MC","Selector":"SAVR","SubSelector":"TX","Configuration":{"QuestionDescriptionOption":"UseText"},"QuestionDescription":"How much do you agree with the following statement? \"In the past 30 minutes, I felt secure and co...","Choices":{"1":{"Display":"Strongly Agree"},"2":{"Display":"Agree"},"3":{"Display":"Neither agree nor disagree"},"4":{"Display":"Disagree"},"5":{"Display":"Strongly disagree"}},"ChoiceOrder":["1","2","3","4","5"],"Validation":{"Settings":{"ForceResponse":"RequestResponse","ForceResponseType":"RequestResponse","Type":"None"}},"Language":[],"NextChoiceId":6,"NextAnswerId":1,"QuestionID":"QID31","DataVisibility":{"Private":false,"Hidden":false}}},{"SurveyID":"SV_3dWzTI3KsKfrh5Q","Element":"SQ","PrimaryAttribute":"QID32","SecondaryAttribute":"How much do you agree with the following statement? \"In the past 30 minutes, I felt shy.\"","TertiaryAttribute":null,"Payload":{"QuestionText":"How much do you agree with the following statement?<div><br><\/div><div>\"In the past 30 minutes, I felt shy.\"<\/div>","DataExportTag":"Q32","QuestionType":"MC","Selector":"SAVR","SubSelector":"TX","Configuration":{"QuestionDescriptionOption":"UseText"},"QuestionDescription":"How much do you agree with the following statement? \"In the past 30 minutes, I felt shy.\"","Choices":{"1":{"Display":"Strongly Agree"},"2":{"Display":"Agree"},"3":{"Display":"Neither agree nor disagree"},"4":{"Display":"Disagree"},"5":{"Display":"Strongly disagree"}},"ChoiceOrder":["1","2","3","4","5"],"Validation":{"Settings":{"ForceResponse":"RequestResponse","ForceResponseType":"RequestResponse","Type":"None"}},"Language":[],"NextChoiceId":6,"NextAnswerId":1,"QuestionID":"QID32","DataVisibility":{"Private":false,"Hidden":false}}},{"SurveyID":"SV_3dWzTI3KsKfrh5Q","Element":"SQ","PrimaryAttribute":"QID27","SecondaryAttribute":"How much do you agree with the following statement? \"In the past 30 minutes, I started an argumen...","TertiaryAttribute":null,"Payload":{"QuestionText":"<div>How much do you agree with the following statement?<\/div><div><br><\/div><div>\"In the past 30 minutes, I started an argument with someone else.\"<\/div>","DataExportTag":"Q27","QuestionType":"MC","Selector":"SAVR","SubSelector":"TX","Configuration":{"QuestionDescriptionOption":"UseText"},"QuestionDescription":"How much do you agree with the following statement? \"In the past 30 minutes, I started an argumen...","Choices":{"1":{"Display":"Strongly agree"},"2":{"Display":"Agree"},"3":{"Display":"Neither agree nor disagree"},"4":{"Display":"Disagree"},"5":{"Display":"Strongly disagree"}},"ChoiceOrder":["1","2","3","4","5"],"Validation":{"Settings":{"ForceResponse":"RequestResponse","ForceResponseType":"RequestResponse","Type":"None"}},"Language":[],"NextChoiceId":6,"NextAnswerId":1,"QuestionID":"QID27","DataVisibility":{"Private":false,"Hidden":false}}},{"SurveyID":"SV_3dWzTI3KsKfrh5Q","Element":"SQ","PrimaryAttribute":"QID29","SecondaryAttribute":"How much do you agree with the following statement? \"In the past 30 minutes, I stayed optimistic.\"","TertiaryAttribute":null,"Payload":{"QuestionText":"<div>How much do you agree with the following statement?<\/div><div><br><\/div>\"In the past 30 minutes, I stayed optimistic.\"","DataExportTag":"Q29","QuestionType":"MC","Selector":"SAVR","SubSelector":"TX","Configuration":{"QuestionDescriptionOption":"UseText"},"QuestionDescription":"How much do you agree with the following statement? \"In the past 30 minutes, I stayed optimistic.\"","Choices":{"1":{"Display":"Strongly Agree"},"2":{"Display":"Agree"},"3":{"Display":"Neither agree nor disagree"},"4":{"Display":"Disagree"},"5":{"Display":"Strongly Disagree"}},"ChoiceOrder":["1","2","3","4","5"],"Validation":{"Settings":{"ForceResponse":"RequestResponse","ForceResponseType":"RequestResponse","Type":"None"}},"Language":[],"NextChoiceId":6,"NextAnswerId":1,"QuestionID":"QID29","DataVisibility":{"Private":false,"Hidden":false}}},{"SurveyID":"SV_3dWzTI3KsKfrh5Q","Element":"SQ","PrimaryAttribute":"QID30","SecondaryAttribute":"How much do you agree with the following statement? \"In the past 30 minutes, I was moody.\"","TertiaryAttribute":null,"Payload":{"QuestionText":"How much do you agree with the following statement?<div><br><\/div><div>\"In the past 30 minutes, I was moody.\"<\/div>","DataExportTag":"Q30","QuestionType":"MC","Selector":"SAVR","SubSelector":"TX","Configuration":{"QuestionDescriptionOption":"UseText"},"QuestionDescription":"How much do you agree with the following statement? \"In the past 30 minutes, I was moody.\"","Choices":{"1":{"Display":"Strongly Agree"},"2":{"Display":"Agree"},"3":{"Display":"Neither agree nor disagree"},"4":{"Display":"Disagree"},"5":{"Display":"Strongly disagree"}},"ChoiceOrder":["1","2","3","4","5"],"Validation":{"Settings":{"ForceResponse":"RequestResponse","ForceResponseType":"RequestResponse","Type":"None"}},"Language":[],"NextChoiceId":6,"NextAnswerId":1,"QuestionID":"QID30","DataVisibility":{"Private":false,"Hidden":false}}},{"SurveyID":"SV_3dWzTI3KsKfrh5Q","Element":"SQ","PrimaryAttribute":"QID28","SecondaryAttribute":"How much do you agree with the following statement? \"In the past 30 minutes, I was relaxed and ha...","TertiaryAttribute":null,"Payload":{"QuestionText":"How much do you agree with the following statement?<div><br><\/div><div>\"In the past 30 minutes, I was relaxed and handled stress well.\"<\/div>","DataExportTag":"Q28","QuestionType":"MC","Selector":"SAVR","SubSelector":"TX","Configuration":{"QuestionDescriptionOption":"UseText"},"QuestionDescription":"How much do you agree with the following statement? \"In the past 30 minutes, I was relaxed and ha...","Choices":{"1":{"Display":"Strongly agree"},"2":{"Display":"Agree"},"3":{"Display":"Neither agree nor disagree"},"4":{"Display":"Disagree"},"5":{"Display":"Strongly Disagree"}},"ChoiceOrder":["1","2","3","4","5"],"Validation":{"Settings":{"ForceResponse":"RequestResponse","ForceResponseType":"RequestResponse","Type":"None"}},"Language":[],"NextChoiceId":6,"NextAnswerId":1,"QuestionID":"QID28","DataVisibility":{"Private":false,"Hidden":false}}},{"SurveyID":"SV_3dWzTI3KsKfrh5Q","Element":"SQ","PrimaryAttribute":"QID33","SecondaryAttribute":"How much do you agree with the following statement? \"In the past 30 minutes, I was talkative.\"","TertiaryAttribute":null,"Payload":{"QuestionText":"<div>How much do you agree with the following statement?<\/div>\n<br>\n\"In the past 30 minutes, I was talkative.\"","DataExportTag":"Q33","QuestionType":"MC","Selector":"SAVR","SubSelector":"TX","Configuration":{"QuestionDescriptionOption":"UseText"},"QuestionDescription":"How much do you agree with the following statement? \"In the past 30 minutes, I was talkative.\"","Choices":{"1":{"Display":"Strongly Agree"},"2":{"Display":"Agree"},"3":{"Display":"Neither agree nor disagree"},"4":{"Display":"Disagree"},"5":{"Display":"Strongly disagree"}},"ChoiceOrder":["1","2","3","4","5"],"Validation":{"Settings":{"ForceResponse":"RequestResponse","ForceResponseType":"RequestResponse","Type":"None"}},"Language":[],"NextChoiceId":6,"NextAnswerId":1,"QuestionID":"QID33","DataVisibility":{"Private":false,"Hidden":false}}},{"SurveyID":"SV_3dWzTI3KsKfrh5Q","Element":"SQ","PrimaryAttribute":"QID15","SecondaryAttribute":"How strong is\/was the desire?","TertiaryAttribute":null,"Payload":{"QuestionText":"How strong is\/was the desire?","DataExportTag":"Q15","QuestionType":"MC","Selector":"SAVR","SubSelector":"TX","Configuration":{"QuestionDescriptionOption":"UseText"},"QuestionDescription":"How strong is\/was the desire?","Choices":{"1":{"Display":"Very weak"},"2":{"Display":"Weak"},"3":{"Display":"Moderate"},"4":{"Display":"Strong"},"5":{"Display":"Very Strong"}},"ChoiceOrder":["1","2","3","4","5"],"Validation":{"Settings":{"ForceResponse":"RequestResponse","ForceResponseType":"RequestResponse","Type":"None"}},"Language":[],"NextChoiceId":6,"NextAnswerId":1,"QuestionID":"QID15","DataVisibility":{"Private":false,"Hidden":false}}},{"SurveyID":"SV_3dWzTI3KsKfrh5Q","Element":"SQ","PrimaryAttribute":"QID5","SecondaryAttribute":"How would you rate the overall quality of the interaction(s)?","TertiaryAttribute":null,"Payload":{"QuestionText":"How would you rate the overall quality of the interaction(s)?","DataExportTag":"Q5","QuestionType":"MC","Selector":"SAVR","SubSelector":"TX","Configuration":{"QuestionDescriptionOption":"UseText","Autoscale":{"YScale":{"Name":"PositiveNegative","Type":"likert","Reverse":false}}},"QuestionDescription":"How would you rate the overall quality of the interaction(s)?","Choices":{"1":{"Display":"Extremely positive"},"2":{"Display":"Somewhat positive"},"3":{"Display":"Neither positive nor negative"},"4":{"Display":"Somewhat negative"},"5":{"Display":"Extremely negative"}},"ChoiceOrder":[1,2,3,4,5],"Validation":{"Settings":{"ForceResponse":"RequestResponse","ForceResponseType":"RequestResponse","Type":"None"}},"Language":[],"NextChoiceId":6,"NextAnswerId":1,"QuestionID":"QID5","DataVisibility":{"Private":false,"Hidden":false}}},{"SurveyID":"SV_3dWzTI3KsKfrh5Q","Element":"SQ","PrimaryAttribute":"QID34","SecondaryAttribute":"If you are at home, are you during work or school hours?","TertiaryAttribute":null,"Payload":{"QuestionText":"If you are at home, are you during work or school hours?","DataExportTag":"Q34","QuestionType":"MC","Selector":"SAVR","SubSelector":"TX","Configuration":{"QuestionDescriptionOption":"UseText"},"QuestionDescription":"If you are at home, are you during work or school hours?","Choices":{"1":{"Display":"Yes"},"2":{"Display":"No"}},"ChoiceOrder":["1","2"],"Validation":{"Settings":{"ForceResponse":"RequestResponse","ForceResponseType":"RequestResponse","Type":"None"}},"Language":[],"NextChoiceId":4,"NextAnswerId":1,"QuestionID":"QID34","DisplayLogic":{"0":{"0":{"ChoiceLocator":"q:\/\/QID13\/SelectableChoice\/6","Description":"<span class=\"ConjDesc\">If<\/span> <span class=\"QuestionDesc\">Where are you now?<\/span> <span class=\"LeftOpDesc\">Home<\/span> <span class=\"OpDesc\">Is Selected<\/span> ","LeftOperand":"q:\/\/QID13\/SelectableChoice\/6","LogicType":"Question","Operator":"Selected","QuestionID":"QID13","QuestionIDFromLocator":"QID13","QuestionIsInLoop":"no","Type":"Expression"},"Type":"If"},"Type":"BooleanExpression","inPage":false},"DataVisibility":{"Private":false,"Hidden":false}}},{"SurveyID":"SV_3dWzTI3KsKfrh5Q","Element":"SQ","PrimaryAttribute":"QID23","SecondaryAttribute":"In the past 30 minutes, did you interact with anyone who holds different values or a different wo...","TertiaryAttribute":null,"Payload":{"QuestionText":"In the past 30 minutes, did you interact with anyone who holds different values or a different worldview from yours on Twitter?","DataExportTag":"Q23","QuestionType":"MC","Selector":"SAVR","SubSelector":"TX","Configuration":{"QuestionDescriptionOption":"UseText"},"QuestionDescription":"In the past 30 minutes, did you interact with anyone who holds different values or a different wo...","Choices":{"1":{"Display":"Yes."},"2":{"Display":"No."}},"ChoiceOrder":["1","2"],"Validation":{"Settings":{"ForceResponse":"RequestResponse","ForceResponseType":"RequestResponse","Type":"None"}},"Language":[],"NextChoiceId":4,"NextAnswerId":1,"QuestionID":"QID23","DataVisibility":{"Private":false,"Hidden":false}}},{"SurveyID":"SV_3dWzTI3KsKfrh5Q","Element":"SQ","PrimaryAttribute":"QID21","SecondaryAttribute":"In the past 30 minutes, have you interacted with anyone on Twitter that was supporting of an oppo...","TertiaryAttribute":null,"Payload":{"QuestionText":"In the past 30 minutes, have you interacted with anyone on Twitter that was supporting of an opposite political group as yours?","DataExportTag":"Q21","QuestionType":"MC","Selector":"SAVR","SubSelector":"TX","Configuration":{"QuestionDescriptionOption":"UseText"},"QuestionDescription":"In the past 30 minutes, have you interacted with anyone on Twitter that was supporting of an oppo...","Choices":{"1":{"Display":"Yes"},"2":{"Display":"No"}},"ChoiceOrder":["1","2"],"Validation":{"Settings":{"ForceResponse":"RequestResponse","ForceResponseType":"RequestResponse","Type":"None"}},"Language":[],"NextChoiceId":4,"NextAnswerId":1,"QuestionID":"QID21","DataVisibility":{"Private":false,"Hidden":false}}},{"SurveyID":"SV_3dWzTI3KsKfrh5Q","Element":"SQ","PrimaryAttribute":"QID19","SecondaryAttribute":"In the past 30 minutes, have you used other social media sites? (Multiple answers are possible).","TertiaryAttribute":null,"Payload":{"QuestionText":"In the past 30 minutes, have you used other social media sites? (Multiple answers are possible).","DataExportTag":"Q19","QuestionType":"MC","Selector":"MAVR","SubSelector":"TX","Configuration":{"QuestionDescriptionOption":"UseText"},"QuestionDescription":"In the past 30 minutes, have you used other social media sites? (Multiple answers are possible).","Choices":{"1":{"Display":"Yes, I have used Facebook."},"2":{"Display":"Yes, I have used Instagram."},"3":{"Display":"Yes, I have used Tiktok."},"4":{"Display":"Yes, I have used Snapchat."},"5":{"Display":"Yes, I have used Whatsapp."},"6":{"Display":"Yes, I have used Wechat."},"7":{"Display":"Yes, I have used another social media site."},"8":{"Display":"No, I have not used any other social media site."}},"ChoiceOrder":["1","2","3","4","5","6","7","8"],"Validation":{"Settings":{"ForceResponse":"RequestResponse","ForceResponseType":"RequestResponse","Type":"None"}},"Language":[],"NextChoiceId":9,"NextAnswerId":1,"QuestionID":"QID19","DefaultChoices":false,"GradingData":[],"DataVisibility":{"Private":false,"Hidden":false}}},{"SurveyID":"SV_3dWzTI3KsKfrh5Q","Element":"SQ","PrimaryAttribute":"QID1","SecondaryAttribute":"Please provide your email account below: *Use the same email you have used for all other surveys...","TertiaryAttribute":null,"Payload":{"QuestionText":"Please provide your email account below:<div><br><\/div><div>*Use the same email you have used for all other surveys answered so far.<\/div>","DefaultChoices":false,"DataExportTag":"Q1","QuestionID":"QID1","QuestionType":"TE","Selector":"SL","Configuration":{"QuestionDescriptionOption":"UseText"},"QuestionDescription":"Please provide your email account below: *Use the same email you have used for all other surveys...","Validation":{"Settings":{"ForceResponse":"ON","ForceResponseType":"ON","Type":"None"}},"GradingData":[],"Language":[],"NextChoiceId":4,"NextAnswerId":1,"SearchSource":{"AllowFreeResponse":"false"},"DataVisibility":{"Private":false,"Hidden":false}}},{"SurveyID":"SV_3dWzTI3KsKfrh5Q","Element":"SQ","PrimaryAttribute":"QID2","SecondaryAttribute":"Please think about what you have been doing and experiencing during the past 30 minutes.\u00a0Then rep..","TertiaryAttribute":null,"Payload":{"QuestionText":"<p><span lang=\"EN-CA\">Please think about what you have been doing and experiencing during the past 30 minutes.&nbsp;Then report how much you experienced each of the following feelings, using the scale below.<o:p><\/o:p><\/span><\/p><p><span lang=\"EN-CA\"><br><\/span><\/p><p><span lang=\"EN-CA\">In the last 30 minutes, I have felt...<\/span><\/p>","DefaultChoices":false,"DataExportTag":"Q2","QuestionID":"QID2","QuestionType":"Matrix","Selector":"Likert","SubSelector":"SingleAnswer","Configuration":{"QuestionDescriptionOption":"UseText","TextPosition":"inline","Autoscale":{"XScale":{"Name":"noneAll","Type":"likert","Reverse":true}},"ChoiceColumnWidth":25,"RepeatHeaders":"none","WhiteSpace":"OFF","MobileFirst":true},"QuestionDescription":"Please think about what you have been doing and experiencing during the past 30 minutes.\u00a0Then rep...","Choices":{"1":{"Display":"Positive"},"2":{"Display":"Negative "},"3":{"Display":"Sad "},"4":{"Display":"Afraid "},"5":{"Display":"Joyful "},"6":{"Display":"Angry "},"7":{"Display":"Bored "},"8":{"Display":"Lonely"},"9":{"Display":"Disgusted"},"10":{"Display":"Repulsed"},"11":{"Display":"Anxious"},"12":{"Display":"Excited"},"13":{"Display":"Tired"},"14":{"Display":"Please select \"a great deal\""}},"ChoiceOrder":[1,2,3,4,5,6,7,8,9,10,11,12,"13","14"],"Validation":{"Settings":{"ForceResponse":"ON","ForceResponseType":"ON","Type":"None"}},"GradingData":[],"Language":[],"NextChoiceId":15,"NextAnswerId":6,"Answers":{"1":{"Display":"None at all"},"2":{"Display":"A little"},"3":{"Display":"A moderate amount"},"4":{"Display":"A lot"},"5":{"Display":"A great deal"}},"AnswerOrder":[1,2,3,4,5],"ChoiceDataExportTags":false,"DataVisibility":{"Private":false,"Hidden":false},"Randomization":{"Advanced":null,"TotalRandSubset":"","Type":"All"}}},{"SurveyID":"SV_3dWzTI3KsKfrh5Q","Element":"SQ","PrimaryAttribute":"QID22","SecondaryAttribute":"Right now, how much do agree with each of the following statements?","TertiaryAttribute":null,"Payload":{"QuestionText":"Right now, how much do agree with each of the following statements?","DefaultChoices":false,"DataExportTag":"Q22","QuestionID":"QID22","QuestionType":"Matrix","Selector":"Likert","SubSelector":"SingleAnswer","Configuration":{"QuestionDescriptionOption":"UseText","TextPosition":"inline","ChoiceColumnWidth":25,"RepeatHeaders":"none","WhiteSpace":"OFF","MobileFirst":true},"QuestionDescription":"Right now, how much do agree with each of the following statements?","Choices":{"1":{"Display":"I am suspicious of mainstream media."},"2":{"Display":"I trust the government to do what is right."}},"ChoiceOrder":["1","2"],"Validation":{"Settings":{"ForceResponse":"RequestResponse","ForceResponseType":"RequestResponse","Type":"None"}},"GradingData":[],"Language":[],"NextChoiceId":4,"NextAnswerId":6,"Answers":{"1":{"Display":"Strongly disagree"},"2":{"Display":"Disagree"},"3":{"Display":"Neutral"},"4":{"Display":"Agree"},"5":{"Display":"Strongly Agree"}},"AnswerOrder":["1","2","3","4","5"],"ChoiceDataExportTags":false,"DataVisibility":{"Private":false,"Hidden":false}}},{"SurveyID":"SV_3dWzTI3KsKfrh5Q","Element":"SQ","PrimaryAttribute":"QID4","SecondaryAttribute":"Was the interaction(s) in-person? (If at least one of the interactions you had was in-person, ple...","TertiaryAttribute":null,"Payload":{"QuestionText":"Was the interaction(s) in-person? (If at least one of the interactions you had was in-person, please select \"yes\").&nbsp;","DataExportTag":"Q4","QuestionType":"MC","Selector":"SAVR","SubSelector":"TX","Configuration":{"QuestionDescriptionOption":"UseText"},"QuestionDescription":"Was the interaction(s) in-person? (If at least one of the interactions you had was in-person, ple...","Choices":{"1":{"Display":"Yes"},"2":{"Display":"No"}},"ChoiceOrder":[1,2],"Validation":{"Settings":{"ForceResponse":"RequestResponse","ForceResponseType":"RequestResponse","Type":"None"}},"Language":[],"NextChoiceId":3,"NextAnswerId":1,"QuestionID":"QID4","DataVisibility":{"Private":false,"Hidden":false}}},{"SurveyID":"SV_3dWzTI3KsKfrh5Q","Element":"SQ","PrimaryAttribute":"QID18","SecondaryAttribute":"Were you successful in resisting the desire?","TertiaryAttribute":null,"Payload":{"QuestionText":"Were you successful in resisting the desire?","DataExportTag":"Q18","QuestionType":"MC","Selector":"SAVR","SubSelector":"TX","Configuration":{"QuestionDescriptionOption":"UseText"},"QuestionDescription":"Were you successful in resisting the desire?","Choices":{"1":{"Display":"Yes"},"2":{"Display":"No"}},"ChoiceOrder":["1","2"],"Validation":{"Settings":{"ForceResponse":"RequestResponse","ForceResponseType":"RequestResponse","Type":"None"}},"Language":[],"NextChoiceId":4,"NextAnswerId":1,"QuestionID":"QID18","DataVisibility":{"Private":false,"Hidden":false}}},{"SurveyID":"SV_3dWzTI3KsKfrh5Q","Element":"SQ","PrimaryAttribute":"QID8","SecondaryAttribute":"What did you do on Twitter? Multiple answers are possible.","TertiaryAttribute":null,"Payload":{"QuestionText":"What did you do on Twitter? Multiple answers are possible.","DataExportTag":"Q8","QuestionType":"MC","Selector":"MAVR","SubSelector":"TX","Configuration":{"QuestionDescriptionOption":"UseText"},"QuestionDescription":"What did you do on Twitter? Multiple answers are possible.","Choices":{"1":{"Display":"I tweeted something."},"2":{"Display":"I liked some tweets."},"3":{"Display":"I retweeted some tweets."},"4":{"Display":"I commented on some tweets."},"5":{"Display":"I messaged someone."},"6":{"Display":"I visited someone's profile."},"7":{"Display":"I followed a trending topic."},"8":{"Display":"I scrolled down the feed."}},"ChoiceOrder":[1,2,3,4,5,6,7,8],"Validation":{"Settings":{"ForceResponse":"RequestResponse","ForceResponseType":"RequestResponse","Type":"None"}},"Language":[],"NextChoiceId":9,"NextAnswerId":1,"QuestionID":"QID8","DataVisibility":{"Private":false,"Hidden":false},"DefaultChoices":false,"GradingData":[]}},{"SurveyID":"SV_3dWzTI3KsKfrh5Q","Element":"SQ","PrimaryAttribute":"QID13","SecondaryAttribute":"Where are you now?","TertiaryAttribute":null,"Payload":{"QuestionText":"Where are you now?","DataExportTag":"Q13","QuestionType":"MC","Selector":"SAVR","SubSelector":"TX","Configuration":{"QuestionDescriptionOption":"UseText"},"QuestionDescription":"Where are you now?","Choices":{"3":{"Display":"In another indoor environment"},"4":{"Display":"In an outdoor environment"},"6":{"Display":"Home"},"7":{"Display":"At work or school"}},"ChoiceOrder":["6","7",3,4],"Validation":{"Settings":{"ForceResponse":"RequestResponse","ForceResponseType":"RequestResponse","Type":"None"}},"Language":[],"NextChoiceId":8,"NextAnswerId":1,"QuestionID":"QID13","DataVisibility":{"Private":false,"Hidden":false}}},{"SurveyID":"SV_3dWzTI3KsKfrh5Q","Element":"SQ","PrimaryAttribute":"QID7","SecondaryAttribute":"Why did you use Twitter? Multiple answers are possible.","TertiaryAttribute":null,"Payload":{"QuestionText":"Why did you use Twitter? Multiple answers are possible.","DataExportTag":"Q7","QuestionType":"MC","Selector":"MAVR","SubSelector":"TX","Configuration":{"QuestionDescriptionOption":"UseText"},"QuestionDescription":"Why did you use Twitter? Multiple answers are possible.","Choices":{"1":{"Display":"To distract myself from stressful events."},"2":{"Display":"To entertain myself\/have fun."},"3":{"Display":"To promote myself or my work."},"4":{"Display":"To seek information or inspiration."},"5":{"Display":"To interact with a community or group of people."}},"ChoiceOrder":[1,2,3,4,5],"Validation":{"Settings":{"ForceResponse":"RequestResponse","ForceResponseType":"RequestResponse","Type":"None"}},"Language":[],"NextChoiceId":7,"NextAnswerId":1,"QuestionID":"QID7","DataVisibility":{"Private":false,"Hidden":false},"DefaultChoices":false,"GradingData":[]}}]}